
Microsoft Visual Studio Solution File, Format Version 12.00
# Visual Studio Version 16
VisualStudioVersion = 25.0.1706.8
MinimumVisualStudioVersion = 10.0.40219.1
Project("{FAE04EC0-301F-11D3-BF4B-00C04F79EFBC}") = "XamarinDemo1.Android", "XamarinDemo1\XamarinDemo1.Android\XamarinDemo1.Android.csproj", "{6008B1F1-ED31-43BF-B344-01C907BBD512}"
EndProject
Project("{FAE04EC0-301F-11D3-BF4B-00C04F79EFBC}") = "XamarinDemo1", "XamarinDemo1\XamarinDemo1\XamarinDemo1.csproj", "{FFB0E04A-B83A-4600-AAEB-016462682363}"
EndProject
Global
	GlobalSection(SolutionConfigurationPlatforms) = preSolution
		Debug|Any CPU = Debug|Any CPU
		Release|Any CPU = Release|Any CPU
	EndGlobalSection
	GlobalSection(ProjectConfigurationPlatforms) = postSolution
		{6008B1F1-ED31-43BF-B344-01C907BBD512}.Debug|Any CPU.ActiveCfg = Debug|Any CPU
		{6008B1F1-ED31-43BF-B344-01C907BBD512}.Debug|Any CPU.Build.0 = Debug|Any CPU
		{6008B1F1-ED31-43BF-B344-01C907BBD512}.Release|Any CPU.ActiveCfg = Release|Any CPU
		{6008B1F1-ED31-43BF-B344-01C907BBD512}.Release|Any CPU.Build.0 = Release|Any CPU
		{FFB0E04A-B83A-4600-AAEB-016462682363}.Debug|Any CPU.ActiveCfg = Debug|Any CPU
		{FFB0E04A-B83A-4600-AAEB-016462682363}.Debug|Any CPU.Build.0 = Debug|Any CPU
		{FFB0E04A-B83A-4600-AAEB-016462682363}.Release|Any CPU.ActiveCfg = Release|Any CPU
		{FFB0E04A-B83A-4600-AAEB-016462682363}.Release|Any CPU.Build.0 = Release|Any CPU
	EndGlobalSection
	GlobalSection(SolutionProperties) = preSolution
		HideSolutionNode = FALSE
	EndGlobalSection
	GlobalSection(ExtensibilityGlobals) = postSolution
		SolutionGuid = {DD512B84-6AA3-4C48-9785-796547E72FE1}
	EndGlobalSection
EndGlobal
